
Microsoft Visual Studio Solution File, Format Version 12.00
# Visual Studio Version 16
VisualStudioVersion = 16.0.31205.134
MinimumVisualStudioVersion = 10.0.40219.1
Project("{FAE04EC0-301F-11D3-BF4B-00C04F79EFBC}") = "TRMDataManager", "TRMDataManager\TRMDataManager.csproj", "{568EC458-0AF0-47D6-ACA1-22120BD1245E}"
EndProject
Project("{00D1A9C2-B5F0-4AF3-8072-F6C62B433612}") = "TRMData", "TRMData\TRMData.sqlproj", "{98814B0C-9B72-44F6-8F09-D3055771189E}"
EndProject
Project("{FAE04EC0-301F-11D3-BF4B-00C04F79EFBC}") = "TRMDesktopUI", "TRMDesktopUI\TRMDesktopUI.csproj", "{85F26846-AAC4-4198-A34A-A224EA6A829B}"
EndProject
Global
	GlobalSection(SolutionConfigurationPlatforms) = preSolution
		Debug|Any CPU = Debug|Any CPU
		Release|Any CPU = Release|Any CPU
	EndGlobalSection
	GlobalSection(ProjectConfigurationPlatforms) = postSolution
		{568EC458-0AF0-47D6-ACA1-22120BD1245E}.Debug|Any CPU.ActiveCfg = Debug|Any CPU
		{568EC458-0AF0-47D6-ACA1-22120BD1245E}.Debug|Any CPU.Build.0 = Debug|Any CPU
		{568EC458-0AF0-47D6-ACA1-22120BD1245E}.Release|Any CPU.ActiveCfg = Release|Any CPU
		{568EC458-0AF0-47D6-ACA1-22120BD1245E}.Release|Any CPU.Build.0 = Release|Any CPU
		{98814B0C-9B72-44F6-8F09-D3055771189E}.Debug|Any CPU.ActiveCfg = Debug|Any CPU
		{98814B0C-9B72-44F6-8F09-D3055771189E}.Debug|Any CPU.Build.0 = Debug|Any CPU
		{98814B0C-9B72-44F6-8F09-D3055771189E}.Debug|Any CPU.Deploy.0 = Debug|Any CPU
		{98814B0C-9B72-44F6-8F09-D3055771189E}.Release|Any CPU.ActiveCfg = Release|Any CPU
		{98814B0C-9B72-44F6-8F09-D3055771189E}.Release|Any CPU.Build.0 = Release|Any CPU
		{98814B0C-9B72-44F6-8F09-D3055771189E}.Release|Any CPU.Deploy.0 = Release|Any CPU
		{85F26846-AAC4-4198-A34A-A224EA6A829B}.Debug|Any CPU.ActiveCfg = Debug|Any CPU
		{85F26846-AAC4-4198-A34A-A224EA6A829B}.Debug|Any CPU.Build.0 = Debug|Any CPU
		{85F26846-AAC4-4198-A34A-A224EA6A829B}.Release|Any CPU.ActiveCfg = Release|Any CPU
		{85F26846-AAC4-4198-A34A-A224EA6A829B}.Release|Any CPU.Build.0 = Release|Any CPU
	EndGlobalSection
	GlobalSection(SolutionProperties) = preSolution
		HideSolutionNode = FALSE
	EndGlobalSection
	GlobalSection(ExtensibilityGlobals) = postSolution
		SolutionGuid = {1DC44E0D-7030-4FC9-8C94-A220E06345F2}
	EndGlobalSection
EndGlobal
